// !$*UTF8*$!
{
	archiveVersion = 1;
	classes = {
	};
	objectVersion = 50;
	objects = {

/* Begin PBXBuildFile section */
		30E63FD98C2A418BAA56A1A0 /* Pods_HapkidoTests.framework in Frameworks */ = {isa = PBXBuildFile; fileRef = DC5E623A3240A1D9C67B484D /* Pods_HapkidoTests.framework */; };
		369BCBA8D485F44CBB163DF5 /* Pods_Hapkido.framework in Frameworks */ = {isa = PBXBuildFile; fileRef = 2190A7141294DAE9E9386129 /* Pods_Hapkido.framework */; };
		8EB00531E97CFF8381DDCEDA /* Pods_HapkidoUITests.framework in Frameworks */ = {isa = PBXBuildFile; fileRef = D426E8B7DF5949329E06791F /* Pods_HapkidoUITests.framework */; };
		CA2999AF20B8B31E003D957D /* AppDelegate.swift in Sources */ = {isa = PBXBuildFile; fileRef = CA2999AE20B8B31E003D957D /* AppDelegate.swift */; };
		CA2999B120B8B31E003D957D /* BeltsViewController.swift in Sources */ = {isa = PBXBuildFile; fileRef = CA2999B020B8B31E003D957D /* BeltsViewController.swift */; };
		CA2999B320B8B31E003D957D /* CategoriesViewController.swift in Sources */ = {isa = PBXBuildFile; fileRef = CA2999B220B8B31E003D957D /* CategoriesViewController.swift */; };
		CA2999B620B8B31E003D957D /* Main.storyboard in Resources */ = {isa = PBXBuildFile; fileRef = CA2999B420B8B31E003D957D /* Main.storyboard */; };
		CA2999B820B8B320003D957D /* Assets.xcassets in Resources */ = {isa = PBXBuildFile; fileRef = CA2999B720B8B320003D957D /* Assets.xcassets */; };
		CA2999BB20B8B320003D957D /* LaunchScreen.storyboard in Resources */ = {isa = PBXBuildFile; fileRef = CA2999B920B8B320003D957D /* LaunchScreen.storyboard */; };
		CA2999C620B8B320003D957D /* HapkidoTests.swift in Sources */ = {isa = PBXBuildFile; fileRef = CA2999C520B8B320003D957D /* HapkidoTests.swift */; };
		CA2999D120B8B320003D957D /* HapkidoUITests.swift in Sources */ = {isa = PBXBuildFile; fileRef = CA2999D020B8B320003D957D /* HapkidoUITests.swift */; };
		CA2999E120B8B672003D957D /* BeltCollectionViewCell.swift in Sources */ = {isa = PBXBuildFile; fileRef = CA2999E020B8B672003D957D /* BeltCollectionViewCell.swift */; };
		CA2999E420B8B6BE003D957D /* ViewControllers.swift in Sources */ = {isa = PBXBuildFile; fileRef = CA2999E320B8B6BE003D957D /* ViewControllers.swift */; };
		CA2999E620B8B8B1003D957D /* BeltsViewModel.swift in Sources */ = {isa = PBXBuildFile; fileRef = CA2999E520B8B8B1003D957D /* BeltsViewModel.swift */; };
		CA2999E820B8B8E8003D957D /* Belt.swift in Sources */ = {isa = PBXBuildFile; fileRef = CA2999E720B8B8E8003D957D /* Belt.swift */; };
		CA2999EA20B95D79003D957D /* CategoriesCollectionViewCell.swift in Sources */ = {isa = PBXBuildFile; fileRef = CA2999E920B95D79003D957D /* CategoriesCollectionViewCell.swift */; };
		CA2999ED20B962A4003D957D /* Category.swift in Sources */ = {isa = PBXBuildFile; fileRef = CA2999EC20B962A4003D957D /* Category.swift */; };
		CA2999EF20B963C6003D957D /* CategoriesViewModel.swift in Sources */ = {isa = PBXBuildFile; fileRef = CA2999EE20B963C6003D957D /* CategoriesViewModel.swift */; };
		CA2999F120BDC0C6003D957D /* Database.swift in Sources */ = {isa = PBXBuildFile; fileRef = CA2999F020BDC0C6003D957D /* Database.swift */; };
		CA2999F320BDCE3E003D957D /* CustomInitialisers.swift in Sources */ = {isa = PBXBuildFile; fileRef = CA2999F220BDCE3E003D957D /* CustomInitialisers.swift */; };
/* End PBXBuildFile section */

/* Begin PBXContainerItemProxy section */
		CA2999C220B8B320003D957D /* PBXContainerItemProxy */ = {
			isa = PBXContainerItemProxy;
			containerPortal = CA2999A320B8B31E003D957D /* Project object */;
			proxyType = 1;
			remoteGlobalIDString = CA2999AA20B8B31E003D957D;
			remoteInfo = Hapkido;
		};
		CA2999CD20B8B320003D957D /* PBXContainerItemProxy */ = {
			isa = PBXContainerItemProxy;
			containerPortal = CA2999A320B8B31E003D957D /* Project object */;
			proxyType = 1;
			remoteGlobalIDString = CA2999AA20B8B31E003D957D;
			remoteInfo = Hapkido;
		};
/* End PBXContainerItemProxy section */

/* Begin PBXFileReference section */
		0B80189CA3AD811A45017305 /* Pods-HapkidoTests.debug.xcconfig */ = {isa = PBXFileReference; includeInIndex = 1; lastKnownFileType = text.xcconfig; name = "Pods-HapkidoTests.debug.xcconfig"; path = "Pods/Target Support Files/Pods-HapkidoTests/Pods-HapkidoTests.debug.xcconfig"; sourceTree = "<group>"; };
		116B6CEC30F5DB358DFB9B06 /* Pods-Hapkido.debug.xcconfig */ = {isa = PBXFileReference; includeInIndex = 1; lastKnownFileType = text.xcconfig; name = "Pods-Hapkido.debug.xcconfig"; path = "Pods/Target Support Files/Pods-Hapkido/Pods-Hapkido.debug.xcconfig"; sourceTree = "<group>"; };
		2190A7141294DAE9E9386129 /* Pods_Hapkido.framework */ = {isa = PBXFileReference; explicitFileType = wrapper.framework; includeInIndex = 0; path = Pods_Hapkido.framework; sourceTree = BUILT_PRODUCTS_DIR; };
		6FED1D0256866B939BEC730C /* Pods-HapkidoUITests.debug.xcconfig */ = {isa = PBXFileReference; includeInIndex = 1; lastKnownFileType = text.xcconfig; name = "Pods-HapkidoUITests.debug.xcconfig"; path = "Pods/Target Support Files/Pods-HapkidoUITests/Pods-HapkidoUITests.debug.xcconfig"; sourceTree = "<group>"; };
		7D198E8D3E0C5C8C7B1BFE3D /* Pods-HapkidoUITests.release.xcconfig */ = {isa = PBXFileReference; includeInIndex = 1; lastKnownFileType = text.xcconfig; name = "Pods-HapkidoUITests.release.xcconfig"; path = "Pods/Target Support Files/Pods-HapkidoUITests/Pods-HapkidoUITests.release.xcconfig"; sourceTree = "<group>"; };
		89668E10EE9B06A77B6957E0 /* Pods-HapkidoTests.release.xcconfig */ = {isa = PBXFileReference; includeInIndex = 1; lastKnownFileType = text.xcconfig; name = "Pods-HapkidoTests.release.xcconfig"; path = "Pods/Target Support Files/Pods-HapkidoTests/Pods-HapkidoTests.release.xcconfig"; sourceTree = "<group>"; };
		A21B58CDFB3012D44EE6157A /* Pods-Hapkido.release.xcconfig */ = {isa = PBXFileReference; includeInIndex = 1; lastKnownFileType = text.xcconfig; name = "Pods-Hapkido.release.xcconfig"; path = "Pods/Target Support Files/Pods-Hapkido/Pods-Hapkido.release.xcconfig"; sourceTree = "<group>"; };
		CA2999AB20B8B31E003D957D /* Hapkido.app */ = {isa = PBXFileReference; explicitFileType = wrapper.application; includeInIndex = 0; path = Hapkido.app; sourceTree = BUILT_PRODUCTS_DIR; };
		CA2999AE20B8B31E003D957D /* AppDelegate.swift */ = {isa = PBXFileReference; lastKnownFileType = sourcecode.swift; path = AppDelegate.swift; sourceTree = "<group>"; };
		CA2999B020B8B31E003D957D /* BeltsViewController.swift */ = {isa = PBXFileReference; lastKnownFileType = sourcecode.swift; path = BeltsViewController.swift; sourceTree = "<group>"; };
		CA2999B220B8B31E003D957D /* CategoriesViewController.swift */ = {isa = PBXFileReference; lastKnownFileType = sourcecode.swift; path = CategoriesViewController.swift; sourceTree = "<group>"; };
		CA2999B520B8B31E003D957D /* Base */ = {isa = PBXFileReference; lastKnownFileType = file.storyboard; name = Base; path = Base.lproj/Main.storyboard; sourceTree = "<group>"; };
		CA2999B720B8B320003D957D /* Assets.xcassets */ = {isa = PBXFileReference; lastKnownFileType = folder.assetcatalog; path = Assets.xcassets; sourceTree = "<group>"; };
		CA2999BA20B8B320003D957D /* Base */ = {isa = PBXFileReference; lastKnownFileType = file.storyboard; name = Base; path = Base.lproj/LaunchScreen.storyboard; sourceTree = "<group>"; };
		CA2999BC20B8B320003D957D /* Info.plist */ = {isa = PBXFileReference; lastKnownFileType = text.plist.xml; path = Info.plist; sourceTree = "<group>"; };
		CA2999C120B8B320003D957D /* HapkidoTests.xctest */ = {isa = PBXFileReference; explicitFileType = wrapper.cfbundle; includeInIndex = 0; path = HapkidoTests.xctest; sourceTree = BUILT_PRODUCTS_DIR; };
		CA2999C520B8B320003D957D /* HapkidoTests.swift */ = {isa = PBXFileReference; lastKnownFileType = sourcecode.swift; path = HapkidoTests.swift; sourceTree = "<group>"; };
		CA2999C720B8B320003D957D /* Info.plist */ = {isa = PBXFileReference; lastKnownFileType = text.plist.xml; path = Info.plist; sourceTree = "<group>"; };
		CA2999CC20B8B320003D957D /* HapkidoUITests.xctest */ = {isa = PBXFileReference; explicitFileType = wrapper.cfbundle; includeInIndex = 0; path = HapkidoUITests.xctest; sourceTree = BUILT_PRODUCTS_DIR; };
		CA2999D020B8B320003D957D /* HapkidoUITests.swift */ = {isa = PBXFileReference; lastKnownFileType = sourcecode.swift; path = HapkidoUITests.swift; sourceTree = "<group>"; };
		CA2999D220B8B320003D957D /* Info.plist */ = {isa = PBXFileReference; lastKnownFileType = text.plist.xml; path = Info.plist; sourceTree = "<group>"; };
		CA2999E020B8B672003D957D /* BeltCollectionViewCell.swift */ = {isa = PBXFileReference; lastKnownFileType = sourcecode.swift; path = BeltCollectionViewCell.swift; sourceTree = "<group>"; };
		CA2999E320B8B6BE003D957D /* ViewControllers.swift */ = {isa = PBXFileReference; lastKnownFileType = sourcecode.swift; path = ViewControllers.swift; sourceTree = "<group>"; };
		CA2999E520B8B8B1003D957D /* BeltsViewModel.swift */ = {isa = PBXFileReference; lastKnownFileType = sourcecode.swift; path = BeltsViewModel.swift; sourceTree = "<group>"; };
		CA2999E720B8B8E8003D957D /* Belt.swift */ = {isa = PBXFileReference; lastKnownFileType = sourcecode.swift; path = Belt.swift; sourceTree = "<group>"; };
		CA2999E920B95D79003D957D /* CategoriesCollectionViewCell.swift */ = {isa = PBXFileReference; lastKnownFileType = sourcecode.swift; path = CategoriesCollectionViewCell.swift; sourceTree = "<group>"; };
		CA2999EC20B962A4003D957D /* Category.swift */ = {isa = PBXFileReference; lastKnownFileType = sourcecode.swift; path = Category.swift; sourceTree = "<group>"; };
		CA2999EE20B963C6003D957D /* CategoriesViewModel.swift */ = {isa = PBXFileReference; lastKnownFileType = sourcecode.swift; path = CategoriesViewModel.swift; sourceTree = "<group>"; };
		CA2999F020BDC0C6003D957D /* Database.swift */ = {isa = PBXFileReference; lastKnownFileType = sourcecode.swift; path = Database.swift; sourceTree = "<group>"; };
		CA2999F220BDCE3E003D957D /* CustomInitialisers.swift */ = {isa = PBXFileReference; lastKnownFileType = sourcecode.swift; path = CustomInitialisers.swift; sourceTree = "<group>"; };
		D426E8B7DF5949329E06791F /* Pods_HapkidoUITests.framework */ = {isa = PBXFileReference; explicitFileType = wrapper.framework; includeInIndex = 0; path = Pods_HapkidoUITests.framework; sourceTree = BUILT_PRODUCTS_DIR; };
		DC5E623A3240A1D9C67B484D /* Pods_HapkidoTests.framework */ = {isa = PBXFileReference; explicitFileType = wrapper.framework; includeInIndex = 0; path = Pods_HapkidoTests.framework; sourceTree = BUILT_PRODUCTS_DIR; };
/* End PBXFileReference section */

/* Begin PBXFrameworksBuildPhase section */
		CA2999A820B8B31E003D957D /* Frameworks */ = {
			isa = PBXFrameworksBuildPhase;
			buildActionMask = 2147483647;
			files = (
				369BCBA8D485F44CBB163DF5 /* Pods_Hapkido.framework in Frameworks */,
			);
			runOnlyForDeploymentPostprocessing = 0;
		};
		CA2999BE20B8B320003D957D /* Frameworks */ = {
			isa = PBXFrameworksBuildPhase;
			buildActionMask = 2147483647;
			files = (
				30E63FD98C2A418BAA56A1A0 /* Pods_HapkidoTests.framework in Frameworks */,
			);
			runOnlyForDeploymentPostprocessing = 0;
		};
		CA2999C920B8B320003D957D /* Frameworks */ = {
			isa = PBXFrameworksBuildPhase;
			buildActionMask = 2147483647;
			files = (
				8EB00531E97CFF8381DDCEDA /* Pods_HapkidoUITests.framework in Frameworks */,
			);
			runOnlyForDeploymentPostprocessing = 0;
		};
/* End PBXFrameworksBuildPhase section */

/* Begin PBXGroup section */
		5636EAA5038D3E09EEA0CCE5 /* Frameworks */ = {
			isa = PBXGroup;
			children = (
				2190A7141294DAE9E9386129 /* Pods_Hapkido.framework */,
				DC5E623A3240A1D9C67B484D /* Pods_HapkidoTests.framework */,
				D426E8B7DF5949329E06791F /* Pods_HapkidoUITests.framework */,
			);
			name = Frameworks;
			sourceTree = "<group>";
		};
		6E0C683394EBF678F2458B4E /* Pods */ = {
			isa = PBXGroup;
			children = (
				116B6CEC30F5DB358DFB9B06 /* Pods-Hapkido.debug.xcconfig */,
				A21B58CDFB3012D44EE6157A /* Pods-Hapkido.release.xcconfig */,
				0B80189CA3AD811A45017305 /* Pods-HapkidoTests.debug.xcconfig */,
				89668E10EE9B06A77B6957E0 /* Pods-HapkidoTests.release.xcconfig */,
				6FED1D0256866B939BEC730C /* Pods-HapkidoUITests.debug.xcconfig */,
				7D198E8D3E0C5C8C7B1BFE3D /* Pods-HapkidoUITests.release.xcconfig */,
			);
			name = Pods;
			sourceTree = "<group>";
		};
		CA2999A220B8B31E003D957D = {
			isa = PBXGroup;
			children = (
				CA2999AD20B8B31E003D957D /* Hapkido */,
				CA2999C420B8B320003D957D /* HapkidoTests */,
				CA2999CF20B8B320003D957D /* HapkidoUITests */,
				CA2999AC20B8B31E003D957D /* Products */,
				6E0C683394EBF678F2458B4E /* Pods */,
				5636EAA5038D3E09EEA0CCE5 /* Frameworks */,
			);
			sourceTree = "<group>";
		};
		CA2999AC20B8B31E003D957D /* Products */ = {
			isa = PBXGroup;
			children = (
				CA2999AB20B8B31E003D957D /* Hapkido.app */,
				CA2999C120B8B320003D957D /* HapkidoTests.xctest */,
				CA2999CC20B8B320003D957D /* HapkidoUITests.xctest */,
			);
			name = Products;
			sourceTree = "<group>";
		};
		CA2999AD20B8B31E003D957D /* Hapkido */ = {
			isa = PBXGroup;
			children = (
				CA2999E220B8B69F003D957D /* Helpers */,
				CA2999DF20B8B567003D957D /* Models */,
				CA2999AE20B8B31E003D957D /* AppDelegate.swift */,
				CA2999DE20B8B558003D957D /* View Controllers */,
				CA2999B420B8B31E003D957D /* Main.storyboard */,
				CA2999B720B8B320003D957D /* Assets.xcassets */,
				CA2999B920B8B320003D957D /* LaunchScreen.storyboard */,
				CA2999BC20B8B320003D957D /* Info.plist */,
			);
			path = Hapkido;
			sourceTree = "<group>";
		};
		CA2999C420B8B320003D957D /* HapkidoTests */ = {
			isa = PBXGroup;
			children = (
				CA2999C520B8B320003D957D /* HapkidoTests.swift */,
				CA2999C720B8B320003D957D /* Info.plist */,
			);
			path = HapkidoTests;
			sourceTree = "<group>";
		};
		CA2999CF20B8B320003D957D /* HapkidoUITests */ = {
			isa = PBXGroup;
			children = (
				CA2999D020B8B320003D957D /* HapkidoUITests.swift */,
				CA2999D220B8B320003D957D /* Info.plist */,
			);
			path = HapkidoUITests;
			sourceTree = "<group>";
		};
		CA2999DE20B8B558003D957D /* View Controllers */ = {
			isa = PBXGroup;
			children = (
				CA2999B020B8B31E003D957D /* BeltsViewController.swift */,
				CA2999B220B8B31E003D957D /* CategoriesViewController.swift */,
			);
			path = "View Controllers";
			sourceTree = "<group>";
		};
		CA2999DF20B8B567003D957D /* Models */ = {
			isa = PBXGroup;
			children = (
				CA2999EB20B95D89003D957D /* Cells */,
				CA2999E520B8B8B1003D957D /* BeltsViewModel.swift */,
				CA2999E720B8B8E8003D957D /* Belt.swift */,
				CA2999EC20B962A4003D957D /* Category.swift */,
				CA2999EE20B963C6003D957D /* CategoriesViewModel.swift */,
				CA2999F020BDC0C6003D957D /* Database.swift */,
			);
			path = Models;
			sourceTree = "<group>";
		};
		CA2999E220B8B69F003D957D /* Helpers */ = {
			isa = PBXGroup;
			children = (
				CA2999E320B8B6BE003D957D /* ViewControllers.swift */,
				CA2999F220BDCE3E003D957D /* CustomInitialisers.swift */,
			);
			path = Helpers;
			sourceTree = "<group>";
		};
		CA2999EB20B95D89003D957D /* Cells */ = {
			isa = PBXGroup;
			children = (
				CA2999E020B8B672003D957D /* BeltCollectionViewCell.swift */,
				CA2999E920B95D79003D957D /* CategoriesCollectionViewCell.swift */,
			);
			path = Cells;
			sourceTree = "<group>";
		};
/* End PBXGroup section */

/* Begin PBXNativeTarget section */
		CA2999AA20B8B31E003D957D /* Hapkido */ = {
			isa = PBXNativeTarget;
			buildConfigurationList = CA2999D520B8B320003D957D /* Build configuration list for PBXNativeTarget "Hapkido" */;
			buildPhases = (
				6BB6BE03450DB646BC88C3B9 /* [CP] Check Pods Manifest.lock */,
				CA2999A720B8B31E003D957D /* Sources */,
				CA2999A820B8B31E003D957D /* Frameworks */,
				CA2999A920B8B31E003D957D /* Resources */,
				13187E313A1323E0F2E4BAFB /* [CP] Embed Pods Frameworks */,
			);
			buildRules = (
			);
			dependencies = (
			);
			name = Hapkido;
			productName = Hapkido;
			productReference = CA2999AB20B8B31E003D957D /* Hapkido.app */;
			productType = "com.apple.product-type.application";
		};
		CA2999C020B8B320003D957D /* HapkidoTests */ = {
			isa = PBXNativeTarget;
			buildConfigurationList = CA2999D820B8B320003D957D /* Build configuration list for PBXNativeTarget "HapkidoTests" */;
			buildPhases = (
				F37621E524A0A979ED88EC7D /* [CP] Check Pods Manifest.lock */,
				CA2999BD20B8B320003D957D /* Sources */,
				CA2999BE20B8B320003D957D /* Frameworks */,
				CA2999BF20B8B320003D957D /* Resources */,
			);
			buildRules = (
			);
			dependencies = (
				CA2999C320B8B320003D957D /* PBXTargetDependency */,
			);
			name = HapkidoTests;
			productName = HapkidoTests;
			productReference = CA2999C120B8B320003D957D /* HapkidoTests.xctest */;
			productType = "com.apple.product-type.bundle.unit-test";
		};
		CA2999CB20B8B320003D957D /* HapkidoUITests */ = {
			isa = PBXNativeTarget;
			buildConfigurationList = CA2999DB20B8B320003D957D /* Build configuration list for PBXNativeTarget "HapkidoUITests" */;
			buildPhases = (
				74DE0C71FC32FE907704218E /* [CP] Check Pods Manifest.lock */,
				CA2999C820B8B320003D957D /* Sources */,
				CA2999C920B8B320003D957D /* Frameworks */,
				CA2999CA20B8B320003D957D /* Resources */,
			);
			buildRules = (
			);
			dependencies = (
				CA2999CE20B8B320003D957D /* PBXTargetDependency */,
			);
			name = HapkidoUITests;
			productName = HapkidoUITests;
			productReference = CA2999CC20B8B320003D957D /* HapkidoUITests.xctest */;
			productType = "com.apple.product-type.bundle.ui-testing";
		};
/* End PBXNativeTarget section */

/* Begin PBXProject section */
		CA2999A320B8B31E003D957D /* Project object */ = {
			isa = PBXProject;
			attributes = {
				LastSwiftUpdateCheck = 0930;
				LastUpgradeCheck = 0930;
				ORGANIZATIONNAME = "Alex Dearden";
				TargetAttributes = {
					CA2999AA20B8B31E003D957D = {
						CreatedOnToolsVersion = 9.3.1;
					};
					CA2999C020B8B320003D957D = {
						CreatedOnToolsVersion = 9.3.1;
						TestTargetID = CA2999AA20B8B31E003D957D;
					};
					CA2999CB20B8B320003D957D = {
						CreatedOnToolsVersion = 9.3.1;
						TestTargetID = CA2999AA20B8B31E003D957D;
					};
				};
			};
			buildConfigurationList = CA2999A620B8B31E003D957D /* Build configuration list for PBXProject "Hapkido" */;
			compatibilityVersion = "Xcode 9.3";
			developmentRegion = en;
			hasScannedForEncodings = 0;
			knownRegions = (
				en,
				Base,
			);
			mainGroup = CA2999A220B8B31E003D957D;
			productRefGroup = CA2999AC20B8B31E003D957D /* Products */;
			projectDirPath = "";
			projectRoot = "";
			targets = (
				CA2999AA20B8B31E003D957D /* Hapkido */,
				CA2999C020B8B320003D957D /* HapkidoTests */,
				CA2999CB20B8B320003D957D /* HapkidoUITests */,
			);
		};
/* End PBXProject section */

/* Begin PBXResourcesBuildPhase section */
		CA2999A920B8B31E003D957D /* Resources */ = {
			isa = PBXResourcesBuildPhase;
			buildActionMask = 2147483647;
			files = (
				CA2999BB20B8B320003D957D /* LaunchScreen.storyboard in Resources */,
				CA2999B820B8B320003D957D /* Assets.xcassets in Resources */,
				CA2999B620B8B31E003D957D /* Main.storyboard in Resources */,
			);
			runOnlyForDeploymentPostprocessing = 0;
		};
		CA2999BF20B8B320003D957D /* Resources */ = {
			isa = PBXResourcesBuildPhase;
			buildActionMask = 2147483647;
			files = (
			);
			runOnlyForDeploymentPostprocessing = 0;
		};
		CA2999CA20B8B320003D957D /* Resources */ = {
			isa = PBXResourcesBuildPhase;
			buildActionMask = 2147483647;
			files = (
			);
			runOnlyForDeploymentPostprocessing = 0;
		};
/* End PBXResourcesBuildPhase section */

/* Begin PBXShellScriptBuildPhase section */
		13187E313A1323E0F2E4BAFB /* [CP] Embed Pods Frameworks */ = {
			isa = PBXShellScriptBuildPhase;
			buildActionMask = 2147483647;
			files = (
			);
			inputPaths = (
				"${SRCROOT}/Pods/Target Support Files/Pods-Hapkido/Pods-Hapkido-frameworks.sh",
				"${BUILT_PRODUCTS_DIR}/Realm/Realm.framework",
				"${BUILT_PRODUCTS_DIR}/RealmSwift/RealmSwift.framework",
				"${BUILT_PRODUCTS_DIR}/RxCocoa/RxCocoa.framework",
				"${BUILT_PRODUCTS_DIR}/RxGesture/RxGesture.framework",
				"${BUILT_PRODUCTS_DIR}/RxSwift/RxSwift.framework",
			);
			name = "[CP] Embed Pods Frameworks";
			outputPaths = (
				"${TARGET_BUILD_DIR}/${FRAMEWORKS_FOLDER_PATH}/Realm.framework",
				"${TARGET_BUILD_DIR}/${FRAMEWORKS_FOLDER_PATH}/RealmSwift.framework",
				"${TARGET_BUILD_DIR}/${FRAMEWORKS_FOLDER_PATH}/RxCocoa.framework",
				"${TARGET_BUILD_DIR}/${FRAMEWORKS_FOLDER_PATH}/RxGesture.framework",
				"${TARGET_BUILD_DIR}/${FRAMEWORKS_FOLDER_PATH}/RxSwift.framework",
			);
			runOnlyForDeploymentPostprocessing = 0;
			shellPath = /bin/sh;
			shellScript = "\"${SRCROOT}/Pods/Target Support Files/Pods-Hapkido/Pods-Hapkido-frameworks.sh\"\n";
			showEnvVarsInLog = 0;
		};
		6BB6BE03450DB646BC88C3B9 /* [CP] Check Pods Manifest.lock */ = {
			isa = PBXShellScriptBuildPhase;
			buildActionMask = 2147483647;
			files = (
			);
			inputPaths = (
				"${PODS_PODFILE_DIR_PATH}/Podfile.lock",
				"${PODS_ROOT}/Manifest.lock",
			);
			name = "[CP] Check Pods Manifest.lock";
			outputPaths = (
				"$(DERIVED_FILE_DIR)/Pods-Hapkido-checkManifestLockResult.txt",
			);
			runOnlyForDeploymentPostprocessing = 0;
			shellPath = /bin/sh;
			shellScript = "diff \"${PODS_PODFILE_DIR_PATH}/Podfile.lock\" \"${PODS_ROOT}/Manifest.lock\" > /dev/null\nif [ $? != 0 ] ; then\n    # print error to STDERR\n    echo \"error: The sandbox is not in sync with the Podfile.lock. Run 'pod install' or update your CocoaPods installation.\" >&2\n    exit 1\nfi\n# This output is used by Xcode 'outputs' to avoid re-running this script phase.\necho \"SUCCESS\" > \"${SCRIPT_OUTPUT_FILE_0}\"\n";
			showEnvVarsInLog = 0;
		};
		74DE0C71FC32FE907704218E /* [CP] Check Pods Manifest.lock */ = {
			isa = PBXShellScriptBuildPhase;
			buildActionMask = 2147483647;
			files = (
			);
			inputPaths = (
				"${PODS_PODFILE_DIR_PATH}/Podfile.lock",
				"${PODS_ROOT}/Manifest.lock",
			);
			name = "[CP] Check Pods Manifest.lock";
			outputPaths = (
				"$(DERIVED_FILE_DIR)/Pods-HapkidoUITests-checkManifestLockResult.txt",
			);
			runOnlyForDeploymentPostprocessing = 0;
			shellPath = /bin/sh;
			shellScript = "diff \"${PODS_PODFILE_DIR_PATH}/Podfile.lock\" \"${PODS_ROOT}/Manifest.lock\" > /dev/null\nif [ $? != 0 ] ; then\n    # print error to STDERR\n    echo \"error: The sandbox is not in sync with the Podfile.lock. Run 'pod install' or update your CocoaPods installation.\" >&2\n    exit 1\nfi\n# This output is used by Xcode 'outputs' to avoid re-running this script phase.\necho \"SUCCESS\" > \"${SCRIPT_OUTPUT_FILE_0}\"\n";
			showEnvVarsInLog = 0;
		};
		F37621E524A0A979ED88EC7D /* [CP] Check Pods Manifest.lock */ = {
			isa = PBXShellScriptBuildPhase;
			buildActionMask = 2147483647;
			files = (
			);
			inputPaths = (
				"${PODS_PODFILE_DIR_PATH}/Podfile.lock",
				"${PODS_ROOT}/Manifest.lock",
			);
			name = "[CP] Check Pods Manifest.lock";
			outputPaths = (
				"$(DERIVED_FILE_DIR)/Pods-HapkidoTests-checkManifestLockResult.txt",
			);
			runOnlyForDeploymentPostprocessing = 0;
			shellPath = /bin/sh;
			shellScript = "diff \"${PODS_PODFILE_DIR_PATH}/Podfile.lock\" \"${PODS_ROOT}/Manifest.lock\" > /dev/null\nif [ $? != 0 ] ; then\n    # print error to STDERR\n    echo \"error: The sandbox is not in sync with the Podfile.lock. Run 'pod install' or update your CocoaPods installation.\" >&2\n    exit 1\nfi\n# This output is used by Xcode 'outputs' to avoid re-running this script phase.\necho \"SUCCESS\" > \"${SCRIPT_OUTPUT_FILE_0}\"\n";
			showEnvVarsInLog = 0;
		};
/* End PBXShellScriptBuildPhase section */

/* Begin PBXSourcesBuildPhase section */
		CA2999A720B8B31E003D957D /* Sources */ = {
			isa = PBXSourcesBuildPhase;
			buildActionMask = 2147483647;
			files = (
				CA2999B320B8B31E003D957D /* CategoriesViewController.swift in Sources */,
				CA2999F120BDC0C6003D957D /* Database.swift in Sources */,
				CA2999E420B8B6BE003D957D /* ViewControllers.swift in Sources */,
				CA2999EF20B963C6003D957D /* CategoriesViewModel.swift in Sources */,
				CA2999EA20B95D79003D957D /* CategoriesCollectionViewCell.swift in Sources */,
				CA2999E120B8B672003D957D /* BeltCollectionViewCell.swift in Sources */,
				CA2999AF20B8B31E003D957D /* AppDelegate.swift in Sources */,
				CA2999ED20B962A4003D957D /* Category.swift in Sources */,
				CA2999B120B8B31E003D957D /* BeltsViewController.swift in Sources */,
				CA2999E620B8B8B1003D957D /* BeltsViewModel.swift in Sources */,
				CA2999F320BDCE3E003D957D /* CustomInitialisers.swift in Sources */,
				CA2999E820B8B8E8003D957D /* Belt.swift in Sources */,
			);
			runOnlyForDeploymentPostprocessing = 0;
		};
		CA2999BD20B8B320003D957D /* Sources */ = {
			isa = PBXSourcesBuildPhase;
			buildActionMask = 2147483647;
			files = (
				CA2999C620B8B320003D957D /* HapkidoTests.swift in Sources */,
			);
			runOnlyForDeploymentPostprocessing = 0;
		};
		CA2999C820B8B320003D957D /* Sources */ = {
			isa = PBXSourcesBuildPhase;
			buildActionMask = 2147483647;
			files = (
				CA2999D120B8B320003D957D /* HapkidoUITests.swift in Sources */,
			);
			runOnlyForDeploymentPostprocessing = 0;
		};
/* End PBXSourcesBuildPhase section */

/* Begin PBXTargetDependency section */
		CA2999C320B8B320003D957D /* PBXTargetDependency */ = {
			isa = PBXTargetDependency;
			target = CA2999AA20B8B31E003D957D /* Hapkido */;
			targetProxy = CA2999C220B8B320003D957D /* PBXContainerItemProxy */;
		};
		CA2999CE20B8B320003D957D /* PBXTargetDependency */ = {
			isa = PBXTargetDependency;
			target = CA2999AA20B8B31E003D957D /* Hapkido */;
			targetProxy = CA2999CD20B8B320003D957D /* PBXContainerItemProxy */;
		};
/* End PBXTargetDependency section */

/* Begin PBXVariantGroup section */
		CA2999B420B8B31E003D957D /* Main.storyboard */ = {
			isa = PBXVariantGroup;
			children = (
				CA2999B520B8B31E003D957D /* Base */,
			);
			name = Main.storyboard;
			sourceTree = "<group>";
		};
		CA2999B920B8B320003D957D /* LaunchScreen.storyboard */ = {
			isa = PBXVariantGroup;
			children = (
				CA2999BA20B8B320003D957D /* Base */,
			);
			name = LaunchScreen.storyboard;
			sourceTree = "<group>";
		};
/* End PBXVariantGroup section */

/* Begin XCBuildConfiguration section */
		CA2999D320B8B320003D957D /* Debug */ = {
			isa = XCBuildConfiguration;
			buildSettings = {
				ALWAYS_SEARCH_USER_PATHS = NO;
				CLANG_ANALYZER_NONNULL = YES;
				CLANG_ANALYZER_NUMBER_OBJECT_CONVERSION = YES_AGGRESSIVE;
				CLANG_CXX_LANGUAGE_STANDARD = "gnu++14";
				CLANG_CXX_LIBRARY = "libc++";
				CLANG_ENABLE_MODULES = YES;
				CLANG_ENABLE_OBJC_ARC = YES;
				CLANG_ENABLE_OBJC_WEAK = YES;
				CLANG_WARN_BLOCK_CAPTURE_AUTORELEASING = YES;
				CLANG_WARN_BOOL_CONVERSION = YES;
				CLANG_WARN_COMMA = YES;
				CLANG_WARN_CONSTANT_CONVERSION = YES;
				CLANG_WARN_DEPRECATED_OBJC_IMPLEMENTATIONS = YES;
				CLANG_WARN_DIRECT_OBJC_ISA_USAGE = YES_ERROR;
				CLANG_WARN_DOCUMENTATION_COMMENTS = YES;
				CLANG_WARN_EMPTY_BODY = YES;
				CLANG_WARN_ENUM_CONVERSION = YES;
				CLANG_WARN_INFINITE_RECURSION = YES;
				CLANG_WARN_INT_CONVERSION = YES;
				CLANG_WARN_NON_LITERAL_NULL_CONVERSION = YES;
				CLANG_WARN_OBJC_IMPLICIT_RETAIN_SELF = YES;
				CLANG_WARN_OBJC_LITERAL_CONVERSION = YES;
				CLANG_WARN_OBJC_ROOT_CLASS = YES_ERROR;
				CLANG_WARN_RANGE_LOOP_ANALYSIS = YES;
				CLANG_WARN_STRICT_PROTOTYPES = YES;
				CLANG_WARN_SUSPICIOUS_MOVE = YES;
				CLANG_WARN_UNGUARDED_AVAILABILITY = YES_AGGRESSIVE;
				CLANG_WARN_UNREACHABLE_CODE = YES;
				CLANG_WARN__DUPLICATE_METHOD_MATCH = YES;
				CODE_SIGN_IDENTITY = "iPhone Developer";
				COPY_PHASE_STRIP = NO;
				DEBUG_INFORMATION_FORMAT = dwarf;
				ENABLE_STRICT_OBJC_MSGSEND = YES;
				ENABLE_TESTABILITY = YES;
				GCC_C_LANGUAGE_STANDARD = gnu11;
				GCC_DYNAMIC_NO_PIC = NO;
				GCC_NO_COMMON_BLOCKS = YES;
				GCC_OPTIMIZATION_LEVEL = 0;
				GCC_PREPROCESSOR_DEFINITIONS = (
					"DEBUG=1",
					"$(inherited)",
				);
				GCC_WARN_64_TO_32_BIT_CONVERSION = YES;
				GCC_WARN_ABOUT_RETURN_TYPE = YES_ERROR;
				GCC_WARN_UNDECLARED_SELECTOR = YES;
				GCC_WARN_UNINITIALIZED_AUTOS = YES_AGGRESSIVE;
				GCC_WARN_UNUSED_FUNCTION = YES;
				GCC_WARN_UNUSED_VARIABLE = YES;
				IPHONEOS_DEPLOYMENT_TARGET = 11.3;
				MTL_ENABLE_DEBUG_INFO = YES;
				ONLY_ACTIVE_ARCH = YES;
				SDKROOT = iphoneos;
				SWIFT_ACTIVE_COMPILATION_CONDITIONS = DEBUG;
				SWIFT_OPTIMIZATION_LEVEL = "-Onone";
			};
			name = Debug;
		};
		CA2999D420B8B320003D957D /* Release */ = {
			isa = XCBuildConfiguration;
			buildSettings = {
				ALWAYS_SEARCH_USER_PATHS = NO;
				CLANG_ANALYZER_NONNULL = YES;
				CLANG_ANALYZER_NUMBER_OBJECT_CONVERSION = YES_AGGRESSIVE;
				CLANG_CXX_LANGUAGE_STANDARD = "gnu++14";
				CLANG_CXX_LIBRARY = "libc++";
				CLANG_ENABLE_MODULES = YES;
				CLANG_ENABLE_OBJC_ARC = YES;
				CLANG_ENABLE_OBJC_WEAK = YES;
				CLANG_WARN_BLOCK_CAPTURE_AUTORELEASING = YES;
				CLANG_WARN_BOOL_CONVERSION = YES;
				CLANG_WARN_COMMA = YES;
				CLANG_WARN_CONSTANT_CONVERSION = YES;
				CLANG_WARN_DEPRECATED_OBJC_IMPLEMENTATIONS = YES;
				CLANG_WARN_DIRECT_OBJC_ISA_USAGE = YES_ERROR;
				CLANG_WARN_DOCUMENTATION_COMMENTS = YES;
				CLANG_WARN_EMPTY_BODY = YES;
				CLANG_WARN_ENUM_CONVERSION = YES;
				CLANG_WARN_INFINITE_RECURSION = YES;
				CLANG_WARN_INT_CONVERSION = YES;
				CLANG_WARN_NON_LITERAL_NULL_CONVERSION = YES;
				CLANG_WARN_OBJC_IMPLICIT_RETAIN_SELF = YES;
				CLANG_WARN_OBJC_LITERAL_CONVERSION = YES;
				CLANG_WARN_OBJC_ROOT_CLASS = YES_ERROR;
				CLANG_WARN_RANGE_LOOP_ANALYSIS = YES;
				CLANG_WARN_STRICT_PROTOTYPES = YES;
				CLANG_WARN_SUSPICIOUS_MOVE = YES;
				CLANG_WARN_UNGUARDED_AVAILABILITY = YES_AGGRESSIVE;
				CLANG_WARN_UNREACHABLE_CODE = YES;
				CLANG_WARN__DUPLICATE_METHOD_MATCH = YES;
				CODE_SIGN_IDENTITY = "iPhone Developer";
				COPY_PHASE_STRIP = NO;
				DEBUG_INFORMATION_FORMAT = "dwarf-with-dsym";
				ENABLE_NS_ASSERTIONS = NO;
				ENABLE_STRICT_OBJC_MSGSEND = YES;
				GCC_C_LANGUAGE_STANDARD = gnu11;
				GCC_NO_COMMON_BLOCKS = YES;
				GCC_WARN_64_TO_32_BIT_CONVERSION = YES;
				GCC_WARN_ABOUT_RETURN_TYPE = YES_ERROR;
				GCC_WARN_UNDECLARED_SELECTOR = YES;
				GCC_WARN_UNINITIALIZED_AUTOS = YES_AGGRESSIVE;
				GCC_WARN_UNUSED_FUNCTION = YES;
				GCC_WARN_UNUSED_VARIABLE = YES;
				IPHONEOS_DEPLOYMENT_TARGET = 11.3;
				MTL_ENABLE_DEBUG_INFO = NO;
				SDKROOT = iphoneos;
				SWIFT_COMPILATION_MODE = wholemodule;
				SWIFT_OPTIMIZATION_LEVEL = "-O";
				VALIDATE_PRODUCT = YES;
			};
			name = Release;
		};
		CA2999D620B8B320003D957D /* Debug */ = {
			isa = XCBuildConfiguration;
			baseConfigurationReference = 116B6CEC30F5DB358DFB9B06 /* Pods-Hapkido.debug.xcconfig */;
			buildSettings = {
				ASSETCATALOG_COMPILER_APPICON_NAME = AppIcon;
				CODE_SIGN_STYLE = Automatic;
				DEVELOPMENT_TEAM = LE3JQGFXS2;
				INFOPLIST_FILE = Hapkido/Info.plist;
				LD_RUNPATH_SEARCH_PATHS = (
					"$(inherited)",
					"@executable_path/Frameworks",
				);
				PRODUCT_BUNDLE_IDENTIFIER = "com.bruji.Gratitutde-Diary.Hapkido";
				PRODUCT_NAME = "$(TARGET_NAME)";
				SWIFT_VERSION = 4.0;
				TARGETED_DEVICE_FAMILY = "1,2";
			};
			name = Debug;
		};
		CA2999D720B8B320003D957D /* Release */ = {
			isa = XCBuildConfiguration;
			baseConfigurationReference = A21B58CDFB3012D44EE6157A /* Pods-Hapkido.release.xcconfig */;
			buildSettings = {
				ASSETCATALOG_COMPILER_APPICON_NAME = AppIcon;
				CODE_SIGN_STYLE = Automatic;
				DEVELOPMENT_TEAM = LE3JQGFXS2;
				INFOPLIST_FILE = Hapkido/Info.plist;
				LD_RUNPATH_SEARCH_PATHS = (
					"$(inherited)",
					"@executable_path/Frameworks",
				);
				PRODUCT_BUNDLE_IDENTIFIER = "com.bruji.Gratitutde-Diary.Hapkido";
				PRODUCT_NAME = "$(TARGET_NAME)";
				SWIFT_VERSION = 4.0;
				TARGETED_DEVICE_FAMILY = "1,2";
			};
			name = Release;
		};
		CA2999D920B8B320003D957D /* Debug */ = {
			isa = XCBuildConfiguration;
			baseConfigurationReference = 0B80189CA3AD811A45017305 /* Pods-HapkidoTests.debug.xcconfig */;
			buildSettings = {
				ALWAYS_EMBED_SWIFT_STANDARD_LIBRARIES = YES;
				BUNDLE_LOADER = "$(TEST_HOST)";
				CODE_SIGN_STYLE = Automatic;
				DEVELOPMENT_TEAM = LE3JQGFXS2;
				INFOPLIST_FILE = HapkidoTests/Info.plist;
				LD_RUNPATH_SEARCH_PATHS = (
					"$(inherited)",
					"@executable_path/Frameworks",
					"@loader_path/Frameworks",
				);
				PRODUCT_BUNDLE_IDENTIFIER = "com.bruji.Gratitutde-Diary.HapkidoTests";
				PRODUCT_NAME = "$(TARGET_NAME)";
				SWIFT_VERSION = 4.0;
				TARGETED_DEVICE_FAMILY = "1,2";
				TEST_HOST = "$(BUILT_PRODUCTS_DIR)/Hapkido.app/Hapkido";
			};
			name = Debug;
		};
		CA2999DA20B8B320003D957D /* Release */ = {
			isa = XCBuildConfiguration;
			baseConfigurationReference = 89668E10EE9B06A77B6957E0 /* Pods-HapkidoTests.release.xcconfig */;
			buildSettings = {
				ALWAYS_EMBED_SWIFT_STANDARD_LIBRARIES = YES;
				BUNDLE_LOADER = "$(TEST_HOST)";
				CODE_SIGN_STYLE = Automatic;
				DEVELOPMENT_TEAM = LE3JQGFXS2;
				INFOPLIST_FILE = HapkidoTests/Info.plist;
				LD_RUNPATH_SEARCH_PATHS = (
					"$(inherited)",
					"@executable_path/Frameworks",
					"@loader_path/Frameworks",
				);
				PRODUCT_BUNDLE_IDENTIFIER = "com.bruji.Gratitutde-Diary.HapkidoTests";
				PRODUCT_NAME = "$(TARGET_NAME)";
				SWIFT_VERSION = 4.0;
				TARGETED_DEVICE_FAMILY = "1,2";
				TEST_HOST = "$(BUILT_PRODUCTS_DIR)/Hapkido.app/Hapkido";
			};
			name = Release;
		};
		CA2999DC20B8B320003D957D /* Debug */ = {
			isa = XCBuildConfiguration;
			baseConfigurationReference = 6FED1D0256866B939BEC730C /* Pods-HapkidoUITests.debug.xcconfig */;
			buildSettings = {
				ALWAYS_EMBED_SWIFT_STANDARD_LIBRARIES = YES;
				CODE_SIGN_STYLE = Automatic;
				DEVELOPMENT_TEAM = LE3JQGFXS2;
				INFOPLIST_FILE = HapkidoUITests/Info.plist;
				LD_RUNPATH_SEARCH_PATHS = (
					"$(inherited)",
					"@executable_path/Frameworks",
					"@loader_path/Frameworks",
				);
				PRODUCT_BUNDLE_IDENTIFIER = "com.bruji.Gratitutde-Diary.HapkidoUITests";
				PRODUCT_NAME = "$(TARGET_NAME)";
				SWIFT_VERSION = 4.0;
				TARGETED_DEVICE_FAMILY = "1,2";
				TEST_TARGET_NAME = Hapkido;
			};
			name = Debug;
		};
		CA2999DD20B8B320003D957D /* Release */ = {
			isa = XCBuildConfiguration;
			baseConfigurationReference = 7D198E8D3E0C5C8C7B1BFE3D /* Pods-HapkidoUITests.release.xcconfig */;
			buildSettings = {
				ALWAYS_EMBED_SWIFT_STANDARD_LIBRARIES = YES;
				CODE_SIGN_STYLE = Automatic;
				DEVELOPMENT_TEAM = LE3JQGFXS2;
				INFOPLIST_FILE = HapkidoUITests/Info.plist;
				LD_RUNPATH_SEARCH_PATHS = (
					"$(inherited)",
					"@executable_path/Frameworks",
					"@loader_path/Frameworks",
				);
				PRODUCT_BUNDLE_IDENTIFIER = "com.bruji.Gratitutde-Diary.HapkidoUITests";
				PRODUCT_NAME = "$(TARGET_NAME)";
				SWIFT_VERSION = 4.0;
				TARGETED_DEVICE_FAMILY = "1,2";
				TEST_TARGET_NAME = Hapkido;
			};
			name = Release;
		};
/* End XCBuildConfiguration section */

/* Begin XCConfigurationList section */
		CA2999A620B8B31E003D957D /* Build configuration list for PBXProject "Hapkido" */ = {
			isa = XCConfigurationList;
			buildConfigurations = (
				CA2999D320B8B320003D957D /* Debug */,
				CA2999D420B8B320003D957D /* Release */,
			);
			defaultConfigurationIsVisible = 0;
			defaultConfigurationName = Release;
		};
		CA2999D520B8B320003D957D /* Build configuration list for PBXNativeTarget "Hapkido" */ = {
			isa = XCConfigurationList;
			buildConfigurations = (
				CA2999D620B8B320003D957D /* Debug */,
				CA2999D720B8B320003D957D /* Release */,
			);
			defaultConfigurationIsVisible = 0;
			defaultConfigurationName = Release;
		};
		CA2999D820B8B320003D957D /* Build configuration list for PBXNativeTarget "HapkidoTests" */ = {
			isa = XCConfigurationList;
			buildConfigurations = (
				CA2999D920B8B320003D957D /* Debug */,
				CA2999DA20B8B320003D957D /* Release */,
			);
			defaultConfigurationIsVisible = 0;
			defaultConfigurationName = Release;
		};
		CA2999DB20B8B320003D957D /* Build configuration list for PBXNativeTarget "HapkidoUITests" */ = {
			isa = XCConfigurationList;
			buildConfigurations = (
				CA2999DC20B8B320003D957D /* Debug */,
				CA2999DD20B8B320003D957D /* Release */,
			);
			defaultConfigurationIsVisible = 0;
			defaultConfigurationName = Release;
		};
/* End XCConfigurationList section */
	};
	rootObject = CA2999A320B8B31E003D957D /* Project object */;
}
